
Microsoft Visual Studio Solution File, Format Version 12.00
# Visual Studio Version 17
VisualStudioVersion = 17.13.35931.197
MinimumVisualStudioVersion = 10.0.40219.1
Project("{FAE04EC0-301F-11D3-BF4B-00C04F79EFBC}") = "HomeWorkCSpro_04_1_Employee_2_City_3_CreditCard", "HomeWorkCSpro_04_1_Employee_2_City_3_CreditCard\HomeWorkCSpro_04_1_Employee_2_City_3_CreditCard.csproj", "{E6F3A05F-DC7A-48A4-BD06-AFED2FA6617E}"
EndProject
Project("{FAE04EC0-301F-11D3-BF4B-00C04F79EFBC}") = "HomeWorkCSpro_04_4_Matrix", "HomeWorkCSpro_04_4_Matrix\HomeWorkCSpro_04_4_Matrix.csproj", "{41160A32-5455-4E01-8EA6-3229996191B8}"
EndProject
Global
	GlobalSection(SolutionConfigurationPlatforms) = preSolution
		Debug|Any CPU = Debug|Any CPU
		Release|Any CPU = Release|Any CPU
	EndGlobalSection
	GlobalSection(ProjectConfigurationPlatforms) = postSolution
		{E6F3A05F-DC7A-48A4-BD06-AFED2FA6617E}.Debug|Any CPU.ActiveCfg = Debug|Any CPU
		{E6F3A05F-DC7A-48A4-BD06-AFED2FA6617E}.Debug|Any CPU.Build.0 = Debug|Any CPU
		{E6F3A05F-DC7A-48A4-BD06-AFED2FA6617E}.Release|Any CPU.ActiveCfg = Release|Any CPU
		{E6F3A05F-DC7A-48A4-BD06-AFED2FA6617E}.Release|Any CPU.Build.0 = Release|Any CPU
		{41160A32-5455-4E01-8EA6-3229996191B8}.Debug|Any CPU.ActiveCfg = Debug|Any CPU
		{41160A32-5455-4E01-8EA6-3229996191B8}.Debug|Any CPU.Build.0 = Debug|Any CPU
		{41160A32-5455-4E01-8EA6-3229996191B8}.Release|Any CPU.ActiveCfg = Release|Any CPU
		{41160A32-5455-4E01-8EA6-3229996191B8}.Release|Any CPU.Build.0 = Release|Any CPU
	EndGlobalSection
	GlobalSection(SolutionProperties) = preSolution
		HideSolutionNode = FALSE
	EndGlobalSection
	GlobalSection(ExtensibilityGlobals) = postSolution
		SolutionGuid = {A4FA3EC0-F1FC-43C1-8F52-86D7B35049CA}
	EndGlobalSection
EndGlobal
